// !$*UTF8*$!
{
	archiveVersion = 1;
	classes = {
	};
	objectVersion = 56;
	objects = {

/* Begin PBXBuildFile section */
		7781CF232BD5AEF600820D71 /* rewindApp.swift in Sources */ = {isa = PBXBuildFile; fileRef = 7781CF222BD5AEF600820D71 /* rewindApp.swift */; };
		7781CF272BD5AF0100820D71 /* Assets.xcassets in Resources */ = {isa = PBXBuildFile; fileRef = 7781CF262BD5AF0100820D71 /* Assets.xcassets */; };
		7781CF2A2BD5AF0100820D71 /* Preview Assets.xcassets in Resources */ = {isa = PBXBuildFile; fileRef = 7781CF292BD5AF0100820D71 /* Preview Assets.xcassets */; };
		7781CF342BD5AF0200820D71 /* rewindTests.swift in Sources */ = {isa = PBXBuildFile; fileRef = 7781CF332BD5AF0200820D71 /* rewindTests.swift */; };
		7781CF3E2BD5AF0200820D71 /* rewindUITests.swift in Sources */ = {isa = PBXBuildFile; fileRef = 7781CF3D2BD5AF0200820D71 /* rewindUITests.swift */; };
		7781CF402BD5AF0200820D71 /* rewindUITestsLaunchTests.swift in Sources */ = {isa = PBXBuildFile; fileRef = 7781CF3F2BD5AF0200820D71 /* rewindUITestsLaunchTests.swift */; };
		7781CF4D2BD7153700820D71 /* APICalls.swift in Sources */ = {isa = PBXBuildFile; fileRef = 7781CF4C2BD7153700820D71 /* APICalls.swift */; };
		92E797022BD5BF89001EDD38 /* ContentView.swift in Sources */ = {isa = PBXBuildFile; fileRef = 92E797012BD5BF89001EDD38 /* ContentView.swift */; };
		BC9FF6942BD5B7C800B8E250 /* CardView.swift in Sources */ = {isa = PBXBuildFile; fileRef = BC9FF6932BD5B7C800B8E250 /* CardView.swift */; };
		BC9FF6992BD5B87900B8E250 /* HomeView.swift in Sources */ = {isa = PBXBuildFile; fileRef = BC9FF6982BD5B87900B8E250 /* HomeView.swift */; };
		BC9FF69B2BD5BA0F00B8E250 /* MapView.swift in Sources */ = {isa = PBXBuildFile; fileRef = BC9FF69A2BD5BA0F00B8E250 /* MapView.swift */; };
		BC9FF69D2BD5BA3000B8E250 /* AddView.swift in Sources */ = {isa = PBXBuildFile; fileRef = BC9FF69C2BD5BA3000B8E250 /* AddView.swift */; };
		BC9FF69F2BD5BBA400B8E250 /* RewindViewModel.swift in Sources */ = {isa = PBXBuildFile; fileRef = BC9FF69E2BD5BBA400B8E250 /* RewindViewModel.swift */; };
		BC9FF6A12BD5BBC700B8E250 /* Location.swift in Sources */ = {isa = PBXBuildFile; fileRef = BC9FF6A02BD5BBC700B8E250 /* Location.swift */; };
		BC9FF6A32BD5BBD600B8E250 /* Card.swift in Sources */ = {isa = PBXBuildFile; fileRef = BC9FF6A22BD5BBD600B8E250 /* Card.swift */; };
/* End PBXBuildFile section */

/* Begin PBXContainerItemProxy section */
		7781CF302BD5AF0200820D71 /* PBXContainerItemProxy */ = {
			isa = PBXContainerItemProxy;
			containerPortal = 7781CF172BD5AEF500820D71 /* Project object */;
			proxyType = 1;
			remoteGlobalIDString = 7781CF1E2BD5AEF600820D71;
			remoteInfo = rewind;
		};
		7781CF3A2BD5AF0200820D71 /* PBXContainerItemProxy */ = {
			isa = PBXContainerItemProxy;
			containerPortal = 7781CF172BD5AEF500820D71 /* Project object */;
			proxyType = 1;
			remoteGlobalIDString = 7781CF1E2BD5AEF600820D71;
			remoteInfo = rewind;
		};
/* End PBXContainerItemProxy section */

/* Begin PBXFileReference section */
		7781CF1F2BD5AEF600820D71 /* rewind.app */ = {isa = PBXFileReference; explicitFileType = wrapper.application; includeInIndex = 0; path = rewind.app; sourceTree = BUILT_PRODUCTS_DIR; };
		7781CF222BD5AEF600820D71 /* rewindApp.swift */ = {isa = PBXFileReference; lastKnownFileType = sourcecode.swift; path = rewindApp.swift; sourceTree = "<group>"; };
		7781CF262BD5AF0100820D71 /* Assets.xcassets */ = {isa = PBXFileReference; lastKnownFileType = folder.assetcatalog; path = Assets.xcassets; sourceTree = "<group>"; };
		7781CF292BD5AF0100820D71 /* Preview Assets.xcassets */ = {isa = PBXFileReference; lastKnownFileType = folder.assetcatalog; path = "Preview Assets.xcassets"; sourceTree = "<group>"; };
		7781CF2F2BD5AF0200820D71 /* rewindTests.xctest */ = {isa = PBXFileReference; explicitFileType = wrapper.cfbundle; includeInIndex = 0; path = rewindTests.xctest; sourceTree = BUILT_PRODUCTS_DIR; };
		7781CF332BD5AF0200820D71 /* rewindTests.swift */ = {isa = PBXFileReference; lastKnownFileType = sourcecode.swift; path = rewindTests.swift; sourceTree = "<group>"; };
		7781CF392BD5AF0200820D71 /* rewindUITests.xctest */ = {isa = PBXFileReference; explicitFileType = wrapper.cfbundle; includeInIndex = 0; path = rewindUITests.xctest; sourceTree = BUILT_PRODUCTS_DIR; };
		7781CF3D2BD5AF0200820D71 /* rewindUITests.swift */ = {isa = PBXFileReference; lastKnownFileType = sourcecode.swift; path = rewindUITests.swift; sourceTree = "<group>"; };
		7781CF3F2BD5AF0200820D71 /* rewindUITestsLaunchTests.swift */ = {isa = PBXFileReference; lastKnownFileType = sourcecode.swift; path = rewindUITestsLaunchTests.swift; sourceTree = "<group>"; };
		7781CF4C2BD7153700820D71 /* APICalls.swift */ = {isa = PBXFileReference; lastKnownFileType = sourcecode.swift; path = APICalls.swift; sourceTree = "<group>"; };
		92E797012BD5BF89001EDD38 /* ContentView.swift */ = {isa = PBXFileReference; lastKnownFileType = sourcecode.swift; path = ContentView.swift; sourceTree = "<group>"; };
		BC9FF6932BD5B7C800B8E250 /* CardView.swift */ = {isa = PBXFileReference; lastKnownFileType = sourcecode.swift; path = CardView.swift; sourceTree = "<group>"; };
		BC9FF6982BD5B87900B8E250 /* HomeView.swift */ = {isa = PBXFileReference; lastKnownFileType = sourcecode.swift; path = HomeView.swift; sourceTree = "<group>"; };
		BC9FF69A2BD5BA0F00B8E250 /* MapView.swift */ = {isa = PBXFileReference; lastKnownFileType = sourcecode.swift; path = MapView.swift; sourceTree = "<group>"; };
		BC9FF69C2BD5BA3000B8E250 /* AddView.swift */ = {isa = PBXFileReference; lastKnownFileType = sourcecode.swift; path = AddView.swift; sourceTree = "<group>"; };
		BC9FF69E2BD5BBA400B8E250 /* RewindViewModel.swift */ = {isa = PBXFileReference; lastKnownFileType = sourcecode.swift; path = RewindViewModel.swift; sourceTree = "<group>"; };
		BC9FF6A02BD5BBC700B8E250 /* Location.swift */ = {isa = PBXFileReference; lastKnownFileType = sourcecode.swift; path = Location.swift; sourceTree = "<group>"; };
		BC9FF6A22BD5BBD600B8E250 /* Card.swift */ = {isa = PBXFileReference; lastKnownFileType = sourcecode.swift; path = Card.swift; sourceTree = "<group>"; };
/* End PBXFileReference section */

/* Begin PBXFrameworksBuildPhase section */
		7781CF1C2BD5AEF600820D71 /* Frameworks */ = {
			isa = PBXFrameworksBuildPhase;
			buildActionMask = 2147483647;
			files = (
			);
			runOnlyForDeploymentPostprocessing = 0;
		};
		7781CF2C2BD5AF0200820D71 /* Frameworks */ = {
			isa = PBXFrameworksBuildPhase;
			buildActionMask = 2147483647;
			files = (
			);
			runOnlyForDeploymentPostprocessing = 0;
		};
		7781CF362BD5AF0200820D71 /* Frameworks */ = {
			isa = PBXFrameworksBuildPhase;
			buildActionMask = 2147483647;
			files = (
			);
			runOnlyForDeploymentPostprocessing = 0;
		};
/* End PBXFrameworksBuildPhase section */

/* Begin PBXGroup section */
		7781CF162BD5AEF500820D71 = {
			isa = PBXGroup;
			children = (
				7781CF212BD5AEF600820D71 /* rewind */,
				7781CF322BD5AF0200820D71 /* rewindTests */,
				7781CF3C2BD5AF0200820D71 /* rewindUITests */,
				7781CF202BD5AEF600820D71 /* Products */,
			);
			sourceTree = "<group>";
		};
		7781CF202BD5AEF600820D71 /* Products */ = {
			isa = PBXGroup;
			children = (
				7781CF1F2BD5AEF600820D71 /* rewind.app */,
				7781CF2F2BD5AF0200820D71 /* rewindTests.xctest */,
				7781CF392BD5AF0200820D71 /* rewindUITests.xctest */,
			);
			name = Products;
			sourceTree = "<group>";
		};
		7781CF212BD5AEF600820D71 /* rewind */ = {
			isa = PBXGroup;
			children = (
				BC9FF6962BD5B82C00B8E250 /* ViewModels */,
				BC9FF6952BD5B80A00B8E250 /* Views */,
				7781CF222BD5AEF600820D71 /* rewindApp.swift */,
				BC9FF6972BD5B83800B8E250 /* Models */,
				7781CF262BD5AF0100820D71 /* Assets.xcassets */,
				7781CF282BD5AF0100820D71 /* Preview Content */,
			);
			path = rewind;
			sourceTree = "<group>";
		};
		7781CF282BD5AF0100820D71 /* Preview Content */ = {
			isa = PBXGroup;
			children = (
				7781CF292BD5AF0100820D71 /* Preview Assets.xcassets */,
			);
			path = "Preview Content";
			sourceTree = "<group>";
		};
		7781CF322BD5AF0200820D71 /* rewindTests */ = {
			isa = PBXGroup;
			children = (
				7781CF332BD5AF0200820D71 /* rewindTests.swift */,
			);
			path = rewindTests;
			sourceTree = "<group>";
		};
		7781CF3C2BD5AF0200820D71 /* rewindUITests */ = {
			isa = PBXGroup;
			children = (
				7781CF3D2BD5AF0200820D71 /* rewindUITests.swift */,
				7781CF3F2BD5AF0200820D71 /* rewindUITestsLaunchTests.swift */,
			);
			path = rewindUITests;
			sourceTree = "<group>";
		};
		BC9FF6952BD5B80A00B8E250 /* Views */ = {
			isa = PBXGroup;
			children = (
				92E797012BD5BF89001EDD38 /* ContentView.swift */,
				BC9FF6932BD5B7C800B8E250 /* CardView.swift */,
				BC9FF6982BD5B87900B8E250 /* HomeView.swift */,
				BC9FF69A2BD5BA0F00B8E250 /* MapView.swift */,
				BC9FF69C2BD5BA3000B8E250 /* AddView.swift */,
			);
			path = Views;
			sourceTree = "<group>";
		};
		BC9FF6962BD5B82C00B8E250 /* ViewModels */ = {
			isa = PBXGroup;
			children = (
				BC9FF69E2BD5BBA400B8E250 /* RewindViewModel.swift */,
				7781CF4C2BD7153700820D71 /* APICalls.swift */,
			);
			path = ViewModels;
			sourceTree = "<group>";
		};
		BC9FF6972BD5B83800B8E250 /* Models */ = {
			isa = PBXGroup;
			children = (
				BC9FF6A02BD5BBC700B8E250 /* Location.swift */,
				BC9FF6A22BD5BBD600B8E250 /* Card.swift */,
			);
			path = Models;
			sourceTree = "<group>";
		};
/* End PBXGroup section */

/* Begin PBXNativeTarget section */
		7781CF1E2BD5AEF600820D71 /* rewind */ = {
			isa = PBXNativeTarget;
			buildConfigurationList = 7781CF432BD5AF0200820D71 /* Build configuration list for PBXNativeTarget "rewind" */;
			buildPhases = (
				7781CF1B2BD5AEF600820D71 /* Sources */,
				7781CF1C2BD5AEF600820D71 /* Frameworks */,
				7781CF1D2BD5AEF600820D71 /* Resources */,
			);
			buildRules = (
			);
			dependencies = (
			);
			name = rewind;
			productName = rewind;
			productReference = 7781CF1F2BD5AEF600820D71 /* rewind.app */;
			productType = "com.apple.product-type.application";
		};
		7781CF2E2BD5AF0200820D71 /* rewindTests */ = {
			isa = PBXNativeTarget;
			buildConfigurationList = 7781CF462BD5AF0200820D71 /* Build configuration list for PBXNativeTarget "rewindTests" */;
			buildPhases = (
				7781CF2B2BD5AF0200820D71 /* Sources */,
				7781CF2C2BD5AF0200820D71 /* Frameworks */,
				7781CF2D2BD5AF0200820D71 /* Resources */,
			);
			buildRules = (
			);
			dependencies = (
				7781CF312BD5AF0200820D71 /* PBXTargetDependency */,
			);
			name = rewindTests;
			productName = rewindTests;
			productReference = 7781CF2F2BD5AF0200820D71 /* rewindTests.xctest */;
			productType = "com.apple.product-type.bundle.unit-test";
		};
		7781CF382BD5AF0200820D71 /* rewindUITests */ = {
			isa = PBXNativeTarget;
			buildConfigurationList = 7781CF492BD5AF0200820D71 /* Build configuration list for PBXNativeTarget "rewindUITests" */;
			buildPhases = (
				7781CF352BD5AF0200820D71 /* Sources */,
				7781CF362BD5AF0200820D71 /* Frameworks */,
				7781CF372BD5AF0200820D71 /* Resources */,
			);
			buildRules = (
			);
			dependencies = (
				7781CF3B2BD5AF0200820D71 /* PBXTargetDependency */,
			);
			name = rewindUITests;
			productName = rewindUITests;
			productReference = 7781CF392BD5AF0200820D71 /* rewindUITests.xctest */;
			productType = "com.apple.product-type.bundle.ui-testing";
		};
/* End PBXNativeTarget section */

/* Begin PBXProject section */
		7781CF172BD5AEF500820D71 /* Project object */ = {
			isa = PBXProject;
			attributes = {
				BuildIndependentTargetsInParallel = 1;
				LastSwiftUpdateCheck = 1520;
				LastUpgradeCheck = 1520;
				TargetAttributes = {
					7781CF1E2BD5AEF600820D71 = {
						CreatedOnToolsVersion = 15.2;
					};
					7781CF2E2BD5AF0200820D71 = {
						CreatedOnToolsVersion = 15.2;
						TestTargetID = 7781CF1E2BD5AEF600820D71;
					};
					7781CF382BD5AF0200820D71 = {
						CreatedOnToolsVersion = 15.2;
						TestTargetID = 7781CF1E2BD5AEF600820D71;
					};
				};
			};
			buildConfigurationList = 7781CF1A2BD5AEF500820D71 /* Build configuration list for PBXProject "rewind" */;
			compatibilityVersion = "Xcode 14.0";
			developmentRegion = en;
			hasScannedForEncodings = 0;
			knownRegions = (
				en,
				Base,
			);
			mainGroup = 7781CF162BD5AEF500820D71;
			productRefGroup = 7781CF202BD5AEF600820D71 /* Products */;
			projectDirPath = "";
			projectRoot = "";
			targets = (
				7781CF1E2BD5AEF600820D71 /* rewind */,
				7781CF2E2BD5AF0200820D71 /* rewindTests */,
				7781CF382BD5AF0200820D71 /* rewindUITests */,
			);
		};
/* End PBXProject section */

/* Begin PBXResourcesBuildPhase section */
		7781CF1D2BD5AEF600820D71 /* Resources */ = {
			isa = PBXResourcesBuildPhase;
			buildActionMask = 2147483647;
			files = (
				7781CF2A2BD5AF0100820D71 /* Preview Assets.xcassets in Resources */,
				7781CF272BD5AF0100820D71 /* Assets.xcassets in Resources */,
			);
			runOnlyForDeploymentPostprocessing = 0;
		};
		7781CF2D2BD5AF0200820D71 /* Resources */ = {
			isa = PBXResourcesBuildPhase;
			buildActionMask = 2147483647;
			files = (
			);
			runOnlyForDeploymentPostprocessing = 0;
		};
		7781CF372BD5AF0200820D71 /* Resources */ = {
			isa = PBXResourcesBuildPhase;
			buildActionMask = 2147483647;
			files = (
			);
			runOnlyForDeploymentPostprocessing = 0;
		};
/* End PBXResourcesBuildPhase section */

/* Begin PBXSourcesBuildPhase section */
		7781CF1B2BD5AEF600820D71 /* Sources */ = {
			isa = PBXSourcesBuildPhase;
			buildActionMask = 2147483647;
			files = (
				BC9FF6992BD5B87900B8E250 /* HomeView.swift in Sources */,
				BC9FF69B2BD5BA0F00B8E250 /* MapView.swift in Sources */,
				BC9FF69D2BD5BA3000B8E250 /* AddView.swift in Sources */,
				BC9FF6942BD5B7C800B8E250 /* CardView.swift in Sources */,
				7781CF232BD5AEF600820D71 /* rewindApp.swift in Sources */,
				92E797022BD5BF89001EDD38 /* ContentView.swift in Sources */,
				BC9FF69F2BD5BBA400B8E250 /* RewindViewModel.swift in Sources */,
				BC9FF6A12BD5BBC700B8E250 /* Location.swift in Sources */,
				7781CF4D2BD7153700820D71 /* APICalls.swift in Sources */,
				BC9FF6A32BD5BBD600B8E250 /* Card.swift in Sources */,
			);
			runOnlyForDeploymentPostprocessing = 0;
		};
		7781CF2B2BD5AF0200820D71 /* Sources */ = {
			isa = PBXSourcesBuildPhase;
			buildActionMask = 2147483647;
			files = (
				7781CF342BD5AF0200820D71 /* rewindTests.swift in Sources */,
			);
			runOnlyForDeploymentPostprocessing = 0;
		};
		7781CF352BD5AF0200820D71 /* Sources */ = {
			isa = PBXSourcesBuildPhase;
			buildActionMask = 2147483647;
			files = (
				7781CF3E2BD5AF0200820D71 /* rewindUITests.swift in Sources */,
				7781CF402BD5AF0200820D71 /* rewindUITestsLaunchTests.swift in Sources */,
			);
			runOnlyForDeploymentPostprocessing = 0;
		};
/* End PBXSourcesBuildPhase section */

/* Begin PBXTargetDependency section */
		7781CF312BD5AF0200820D71 /* PBXTargetDependency */ = {
			isa = PBXTargetDependency;
			target = 7781CF1E2BD5AEF600820D71 /* rewind */;
			targetProxy = 7781CF302BD5AF0200820D71 /* PBXContainerItemProxy */;
		};
		7781CF3B2BD5AF0200820D71 /* PBXTargetDependency */ = {
			isa = PBXTargetDependency;
			target = 7781CF1E2BD5AEF600820D71 /* rewind */;
			targetProxy = 7781CF3A2BD5AF0200820D71 /* PBXContainerItemProxy */;
		};
/* End PBXTargetDependency section */

/* Begin XCBuildConfiguration section */
		7781CF412BD5AF0200820D71 /* Debug */ = {
			isa = XCBuildConfiguration;
			buildSettings = {
				ALWAYS_SEARCH_USER_PATHS = NO;
				ASSETCATALOG_COMPILER_GENERATE_SWIFT_ASSET_SYMBOL_EXTENSIONS = YES;
				CLANG_ANALYZER_NONNULL = YES;
				CLANG_ANALYZER_NUMBER_OBJECT_CONVERSION = YES_AGGRESSIVE;
				CLANG_CXX_LANGUAGE_STANDARD = "gnu++20";
				CLANG_ENABLE_MODULES = YES;
				CLANG_ENABLE_OBJC_ARC = YES;
				CLANG_ENABLE_OBJC_WEAK = YES;
				CLANG_WARN_BLOCK_CAPTURE_AUTORELEASING = YES;
				CLANG_WARN_BOOL_CONVERSION = YES;
				CLANG_WARN_COMMA = YES;
				CLANG_WARN_CONSTANT_CONVERSION = YES;
				CLANG_WARN_DEPRECATED_OBJC_IMPLEMENTATIONS = YES;
				CLANG_WARN_DIRECT_OBJC_ISA_USAGE = YES_ERROR;
				CLANG_WARN_DOCUMENTATION_COMMENTS = YES;
				CLANG_WARN_EMPTY_BODY = YES;
				CLANG_WARN_ENUM_CONVERSION = YES;
				CLANG_WARN_INFINITE_RECURSION = YES;
				CLANG_WARN_INT_CONVERSION = YES;
				CLANG_WARN_NON_LITERAL_NULL_CONVERSION = YES;
				CLANG_WARN_OBJC_IMPLICIT_RETAIN_SELF = YES;
				CLANG_WARN_OBJC_LITERAL_CONVERSION = YES;
				CLANG_WARN_OBJC_ROOT_CLASS = YES_ERROR;
				CLANG_WARN_QUOTED_INCLUDE_IN_FRAMEWORK_HEADER = YES;
				CLANG_WARN_RANGE_LOOP_ANALYSIS = YES;
				CLANG_WARN_STRICT_PROTOTYPES = YES;
				CLANG_WARN_SUSPICIOUS_MOVE = YES;
				CLANG_WARN_UNGUARDED_AVAILABILITY = YES_AGGRESSIVE;
				CLANG_WARN_UNREACHABLE_CODE = YES;
				CLANG_WARN__DUPLICATE_METHOD_MATCH = YES;
				COPY_PHASE_STRIP = NO;
				DEBUG_INFORMATION_FORMAT = dwarf;
				ENABLE_STRICT_OBJC_MSGSEND = YES;
				ENABLE_TESTABILITY = YES;
				ENABLE_USER_SCRIPT_SANDBOXING = YES;
				GCC_C_LANGUAGE_STANDARD = gnu17;
				GCC_DYNAMIC_NO_PIC = NO;
				GCC_NO_COMMON_BLOCKS = YES;
				GCC_OPTIMIZATION_LEVEL = 0;
				GCC_PREPROCESSOR_DEFINITIONS = (
					"DEBUG=1",
					"$(inherited)",
				);
				GCC_WARN_64_TO_32_BIT_CONVERSION = YES;
				GCC_WARN_ABOUT_RETURN_TYPE = YES_ERROR;
				GCC_WARN_UNDECLARED_SELECTOR = YES;
				GCC_WARN_UNINITIALIZED_AUTOS = YES_AGGRESSIVE;
				GCC_WARN_UNUSED_FUNCTION = YES;
				GCC_WARN_UNUSED_VARIABLE = YES;
				IPHONEOS_DEPLOYMENT_TARGET = 17.2;
				LOCALIZATION_PREFERS_STRING_CATALOGS = YES;
				MTL_ENABLE_DEBUG_INFO = INCLUDE_SOURCE;
				MTL_FAST_MATH = YES;
				ONLY_ACTIVE_ARCH = YES;
				SDKROOT = iphoneos;
				SWIFT_ACTIVE_COMPILATION_CONDITIONS = "DEBUG $(inherited)";
				SWIFT_OPTIMIZATION_LEVEL = "-Onone";
			};
			name = Debug;
		};
		7781CF422BD5AF0200820D71 /* Release */ = {
			isa = XCBuildConfiguration;
			buildSettings = {
				ALWAYS_SEARCH_USER_PATHS = NO;
				ASSETCATALOG_COMPILER_GENERATE_SWIFT_ASSET_SYMBOL_EXTENSIONS = YES;
				CLANG_ANALYZER_NONNULL = YES;
				CLANG_ANALYZER_NUMBER_OBJECT_CONVERSION = YES_AGGRESSIVE;
				CLANG_CXX_LANGUAGE_STANDARD = "gnu++20";
				CLANG_ENABLE_MODULES = YES;
				CLANG_ENABLE_OBJC_ARC = YES;
				CLANG_ENABLE_OBJC_WEAK = YES;
				CLANG_WARN_BLOCK_CAPTURE_AUTORELEASING = YES;
				CLANG_WARN_BOOL_CONVERSION = YES;
				CLANG_WARN_COMMA = YES;
				CLANG_WARN_CONSTANT_CONVERSION = YES;
				CLANG_WARN_DEPRECATED_OBJC_IMPLEMENTATIONS = YES;
				CLANG_WARN_DIRECT_OBJC_ISA_USAGE = YES_ERROR;
				CLANG_WARN_DOCUMENTATION_COMMENTS = YES;
				CLANG_WARN_EMPTY_BODY = YES;
				CLANG_WARN_ENUM_CONVERSION = YES;
				CLANG_WARN_INFINITE_RECURSION = YES;
				CLANG_WARN_INT_CONVERSION = YES;
				CLANG_WARN_NON_LITERAL_NULL_CONVERSION = YES;
				CLANG_WARN_OBJC_IMPLICIT_RETAIN_SELF = YES;
				CLANG_WARN_OBJC_LITERAL_CONVERSION = YES;
				CLANG_WARN_OBJC_ROOT_CLASS = YES_ERROR;
				CLANG_WARN_QUOTED_INCLUDE_IN_FRAMEWORK_HEADER = YES;
				CLANG_WARN_RANGE_LOOP_ANALYSIS = YES;
				CLANG_WARN_STRICT_PROTOTYPES = YES;
				CLANG_WARN_SUSPICIOUS_MOVE = YES;
				CLANG_WARN_UNGUARDED_AVAILABILITY = YES_AGGRESSIVE;
				CLANG_WARN_UNREACHABLE_CODE = YES;
				CLANG_WARN__DUPLICATE_METHOD_MATCH = YES;
				COPY_PHASE_STRIP = NO;
				DEBUG_INFORMATION_FORMAT = "dwarf-with-dsym";
				ENABLE_NS_ASSERTIONS = NO;
				ENABLE_STRICT_OBJC_MSGSEND = YES;
				ENABLE_USER_SCRIPT_SANDBOXING = YES;
				GCC_C_LANGUAGE_STANDARD = gnu17;
				GCC_NO_COMMON_BLOCKS = YES;
				GCC_WARN_64_TO_32_BIT_CONVERSION = YES;
				GCC_WARN_ABOUT_RETURN_TYPE = YES_ERROR;
				GCC_WARN_UNDECLARED_SELECTOR = YES;
				GCC_WARN_UNINITIALIZED_AUTOS = YES_AGGRESSIVE;
				GCC_WARN_UNUSED_FUNCTION = YES;
				GCC_WARN_UNUSED_VARIABLE = YES;
				IPHONEOS_DEPLOYMENT_TARGET = 17.2;
				LOCALIZATION_PREFERS_STRING_CATALOGS = YES;
				MTL_ENABLE_DEBUG_INFO = NO;
				MTL_FAST_MATH = YES;
				SDKROOT = iphoneos;
				SWIFT_COMPILATION_MODE = wholemodule;
				VALIDATE_PRODUCT = YES;
			};
			name = Release;
		};
		7781CF442BD5AF0200820D71 /* Debug */ = {
			isa = XCBuildConfiguration;
			buildSettings = {
				ASSETCATALOG_COMPILER_APPICON_NAME = AppIcon;
				ASSETCATALOG_COMPILER_GLOBAL_ACCENT_COLOR_NAME = AccentColor;
				CODE_SIGN_STYLE = Automatic;
				CURRENT_PROJECT_VERSION = 1;
				DEVELOPMENT_ASSET_PATHS = "\"rewind/Preview Content\"";
				DEVELOPMENT_TEAM = W5WXVSLFL3;
				ENABLE_PREVIEWS = YES;
				GENERATE_INFOPLIST_FILE = YES;
				INFOPLIST_KEY_UIApplicationSceneManifest_Generation = YES;
				INFOPLIST_KEY_UIApplicationSupportsIndirectInputEvents = YES;
				INFOPLIST_KEY_UILaunchScreen_Generation = YES;
				INFOPLIST_KEY_UISupportedInterfaceOrientations_iPad = "UIInterfaceOrientationPortrait UIInterfaceOrientationPortraitUpsideDown UIInterfaceOrientationLandscapeLeft UIInterfaceOrientationLandscapeRight";
				INFOPLIST_KEY_UISupportedInterfaceOrientations_iPhone = "UIInterfaceOrientationPortrait UIInterfaceOrientationLandscapeLeft UIInterfaceOrientationLandscapeRight";
				LD_RUNPATH_SEARCH_PATHS = (
					"$(inherited)",
					"@executable_path/Frameworks",
				);
				MARKETING_VERSION = 1.0;
				PRODUCT_BUNDLE_IDENTIFIER = cis1951.rewind;
				PRODUCT_NAME = "$(TARGET_NAME)";
				SWIFT_EMIT_LOC_STRINGS = YES;
				SWIFT_VERSION = 5.0;
				TARGETED_DEVICE_FAMILY = "1,2";
			};
			name = Debug;
		};
		7781CF452BD5AF0200820D71 /* Release */ = {
			isa = XCBuildConfiguration;
			buildSettings = {
				ASSETCATALOG_COMPILER_APPICON_NAME = AppIcon;
				ASSETCATALOG_COMPILER_GLOBAL_ACCENT_COLOR_NAME = AccentColor;
				CODE_SIGN_STYLE = Automatic;
				CURRENT_PROJECT_VERSION = 1;
				DEVELOPMENT_ASSET_PATHS = "\"rewind/Preview Content\"";
				DEVELOPMENT_TEAM = W5WXVSLFL3;
				ENABLE_PREVIEWS = YES;
				GENERATE_INFOPLIST_FILE = YES;
				INFOPLIST_KEY_UIApplicationSceneManifest_Generation = YES;
				INFOPLIST_KEY_UIApplicationSupportsIndirectInputEvents = YES;
				INFOPLIST_KEY_UILaunchScreen_Generation = YES;
				INFOPLIST_KEY_UISupportedInterfaceOrientations_iPad = "UIInterfaceOrientationPortrait UIInterfaceOrientationPortraitUpsideDown UIInterfaceOrientationLandscapeLeft UIInterfaceOrientationLandscapeRight";
				INFOPLIST_KEY_UISupportedInterfaceOrientations_iPhone = "UIInterfaceOrientationPortrait UIInterfaceOrientationLandscapeLeft UIInterfaceOrientationLandscapeRight";
				LD_RUNPATH_SEARCH_PATHS = (
					"$(inherited)",
					"@executable_path/Frameworks",
				);
				MARKETING_VERSION = 1.0;
				PRODUCT_BUNDLE_IDENTIFIER = cis1951.rewind;
				PRODUCT_NAME = "$(TARGET_NAME)";
				SWIFT_EMIT_LOC_STRINGS = YES;
				SWIFT_VERSION = 5.0;
				TARGETED_DEVICE_FAMILY = "1,2";
			};
			name = Release;
		};
		7781CF472BD5AF0200820D71 /* Debug */ = {
			isa = XCBuildConfiguration;
			buildSettings = {
				ALWAYS_EMBED_SWIFT_STANDARD_LIBRARIES = YES;
				BUNDLE_LOADER = "$(TEST_HOST)";
				CODE_SIGN_STYLE = Automatic;
				CURRENT_PROJECT_VERSION = 1;
				DEVELOPMENT_TEAM = W5WXVSLFL3;
				GENERATE_INFOPLIST_FILE = YES;
				IPHONEOS_DEPLOYMENT_TARGET = 17.2;
				MARKETING_VERSION = 1.0;
				PRODUCT_BUNDLE_IDENTIFIER = cis1951.rewindTests;
				PRODUCT_NAME = "$(TARGET_NAME)";
				SWIFT_EMIT_LOC_STRINGS = NO;
				SWIFT_VERSION = 5.0;
				TARGETED_DEVICE_FAMILY = "1,2";
				TEST_HOST = "$(BUILT_PRODUCTS_DIR)/rewind.app/$(BUNDLE_EXECUTABLE_FOLDER_PATH)/rewind";
			};
			name = Debug;
		};
		7781CF482BD5AF0200820D71 /* Release */ = {
			isa = XCBuildConfiguration;
			buildSettings = {
				ALWAYS_EMBED_SWIFT_STANDARD_LIBRARIES = YES;
				BUNDLE_LOADER = "$(TEST_HOST)";
				CODE_SIGN_STYLE = Automatic;
				CURRENT_PROJECT_VERSION = 1;
				DEVELOPMENT_TEAM = W5WXVSLFL3;
				GENERATE_INFOPLIST_FILE = YES;
				IPHONEOS_DEPLOYMENT_TARGET = 17.2;
				MARKETING_VERSION = 1.0;
				PRODUCT_BUNDLE_IDENTIFIER = cis1951.rewindTests;
				PRODUCT_NAME = "$(TARGET_NAME)";
				SWIFT_EMIT_LOC_STRINGS = NO;
				SWIFT_VERSION = 5.0;
				TARGETED_DEVICE_FAMILY = "1,2";
				TEST_HOST = "$(BUILT_PRODUCTS_DIR)/rewind.app/$(BUNDLE_EXECUTABLE_FOLDER_PATH)/rewind";
			};
			name = Release;
		};
		7781CF4A2BD5AF0200820D71 /* Debug */ = {
			isa = XCBuildConfiguration;
			buildSettings = {
				ALWAYS_EMBED_SWIFT_STANDARD_LIBRARIES = YES;
				CODE_SIGN_STYLE = Automatic;
				CURRENT_PROJECT_VERSION = 1;
				DEVELOPMENT_TEAM = W5WXVSLFL3;
				GENERATE_INFOPLIST_FILE = YES;
				MARKETING_VERSION = 1.0;
				PRODUCT_BUNDLE_IDENTIFIER = cis1951.rewindUITests;
				PRODUCT_NAME = "$(TARGET_NAME)";
				SWIFT_EMIT_LOC_STRINGS = NO;
				SWIFT_VERSION = 5.0;
				TARGETED_DEVICE_FAMILY = "1,2";
				TEST_TARGET_NAME = rewind;
			};
			name = Debug;
		};
		7781CF4B2BD5AF0200820D71 /* Release */ = {
			isa = XCBuildConfiguration;
			buildSettings = {
				ALWAYS_EMBED_SWIFT_STANDARD_LIBRARIES = YES;
				CODE_SIGN_STYLE = Automatic;
				CURRENT_PROJECT_VERSION = 1;
				DEVELOPMENT_TEAM = W5WXVSLFL3;
				GENERATE_INFOPLIST_FILE = YES;
				MARKETING_VERSION = 1.0;
				PRODUCT_BUNDLE_IDENTIFIER = cis1951.rewindUITests;
				PRODUCT_NAME = "$(TARGET_NAME)";
				SWIFT_EMIT_LOC_STRINGS = NO;
				SWIFT_VERSION = 5.0;
				TARGETED_DEVICE_FAMILY = "1,2";
				TEST_TARGET_NAME = rewind;
			};
			name = Release;
		};
/* End XCBuildConfiguration section */

/* Begin XCConfigurationList section */
		7781CF1A2BD5AEF500820D71 /* Build configuration list for PBXProject "rewind" */ = {
			isa = XCConfigurationList;
			buildConfigurations = (
				7781CF412BD5AF0200820D71 /* Debug */,
				7781CF422BD5AF0200820D71 /* Release */,
			);
			defaultConfigurationIsVisible = 0;
			defaultConfigurationName = Release;
		};
		7781CF432BD5AF0200820D71 /* Build configuration list for PBXNativeTarget "rewind" */ = {
			isa = XCConfigurationList;
			buildConfigurations = (
				7781CF442BD5AF0200820D71 /* Debug */,
				7781CF452BD5AF0200820D71 /* Release */,
			);
			defaultConfigurationIsVisible = 0;
			defaultConfigurationName = Release;
		};
		7781CF462BD5AF0200820D71 /* Build configuration list for PBXNativeTarget "rewindTests" */ = {
			isa = XCConfigurationList;
			buildConfigurations = (
				7781CF472BD5AF0200820D71 /* Debug */,
				7781CF482BD5AF0200820D71 /* Release */,
			);
			defaultConfigurationIsVisible = 0;
			defaultConfigurationName = Release;
		};
		7781CF492BD5AF0200820D71 /* Build configuration list for PBXNativeTarget "rewindUITests" */ = {
			isa = XCConfigurationList;
			buildConfigurations = (
				7781CF4A2BD5AF0200820D71 /* Debug */,
				7781CF4B2BD5AF0200820D71 /* Release */,
			);
			defaultConfigurationIsVisible = 0;
			defaultConfigurationName = Release;
		};
/* End XCConfigurationList section */
	};
	rootObject = 7781CF172BD5AEF500820D71 /* Project object */;
}
